PODS:
  - Alamofire (4.5.0)
  - ObjectMapper (2.2.8)
  - RxCocoa (3.6.1):
    - RxSwift (~> 3.6)
  - RxSwift (3.6.1)
  - ScrollableGraphView (4.0.4)
  - SwiftyJSON (3.1.4)

DEPENDENCIES:
  - Alamofire
  - ObjectMapper
  - RxCocoa (~> 3.0)
  - RxSwift (~> 3.0)
  - ScrollableGraphView
  - SwiftyJSON

SPEC CHECKSUMS:
  Alamofire: f28cdffd29de33a7bfa022cbd63ae95a27fae140
  ObjectMapper: 3d571bb5af471c779e1160828cd9ad5c4ef90958
  RxCocoa: 84a08739ab186248c7f31ce4ee92d6f8a947d690
  RxSwift: f9de85ea20cd2f7716ee5409fc13523dc638e4e4
  ScrollableGraphView: 072ea302f4ca27779692656a49d51fe537b2b1e7
  SwiftyJSON: c2842d878f95482ffceec5709abc3d05680c0220

PODFILE CHECKSUM: 73e1d81cd8b8e0b55e6f5f8915ace6b276250a64

COCOAPODS: 1.2.1
